
Microsoft Visual Studio Solution File, Format Version 12.00
# Visual Studio Version 17
VisualStudioVersion = 17.12.35527.113
MinimumVisualStudioVersion = 10.0.40219.1
Project("{8BC9CEB8-8B4A-11D0-8D11-00A0C91BC942}") = "Program", "Program.vcxproj", "{CD0B88AD-3D5E-4A76-924B-BFCFDDA1CA3F}"
EndProject
Project("{8BC9CEB8-8B4A-11D0-8D11-00A0C91BC942}") = "class1th (Single Linked Lst)", "..\class1th (Single Linked Lst)\class1th (Single Linked Lst).vcxproj", "{78232F13-67A4-4CAD-ADEB-90FA47875D56}"
EndProject
Global
	GlobalSection(SolutionConfigurationPlatforms) = preSolution
		Debug|x64 = Debug|x64
		Debug|x86 = Debug|x86
		Release|x64 = Release|x64
		Release|x86 = Release|x86
	EndGlobalSection
	GlobalSection(ProjectConfigurationPlatforms) = postSolution
		{CD0B88AD-3D5E-4A76-924B-BFCFDDA1CA3F}.Debug|x64.ActiveCfg = Debug|x64
		{CD0B88AD-3D5E-4A76-924B-BFCFDDA1CA3F}.Debug|x64.Build.0 = Debug|x64
		{CD0B88AD-3D5E-4A76-924B-BFCFDDA1CA3F}.Debug|x86.ActiveCfg = Debug|Win32
		{CD0B88AD-3D5E-4A76-924B-BFCFDDA1CA3F}.Debug|x86.Build.0 = Debug|Win32
		{CD0B88AD-3D5E-4A76-924B-BFCFDDA1CA3F}.Release|x64.ActiveCfg = Release|x64
		{CD0B88AD-3D5E-4A76-924B-BFCFDDA1CA3F}.Release|x64.Build.0 = Release|x64
		{CD0B88AD-3D5E-4A76-924B-BFCFDDA1CA3F}.Release|x86.ActiveCfg = Release|Win32
		{CD0B88AD-3D5E-4A76-924B-BFCFDDA1CA3F}.Release|x86.Build.0 = Release|Win32
		{78232F13-67A4-4CAD-ADEB-90FA47875D56}.Debug|x64.ActiveCfg = Debug|x64
		{78232F13-67A4-4CAD-ADEB-90FA47875D56}.Debug|x64.Build.0 = Debug|x64
		{78232F13-67A4-4CAD-ADEB-90FA47875D56}.Debug|x86.ActiveCfg = Debug|Win32
		{78232F13-67A4-4CAD-ADEB-90FA47875D56}.Debug|x86.Build.0 = Debug|Win32
		{78232F13-67A4-4CAD-ADEB-90FA47875D56}.Release|x64.ActiveCfg = Release|x64
		{78232F13-67A4-4CAD-ADEB-90FA47875D56}.Release|x64.Build.0 = Release|x64
		{78232F13-67A4-4CAD-ADEB-90FA47875D56}.Release|x86.ActiveCfg = Release|Win32
		{78232F13-67A4-4CAD-ADEB-90FA47875D56}.Release|x86.Build.0 = Release|Win32
	EndGlobalSection
	GlobalSection(SolutionProperties) = preSolution
		HideSolutionNode = FALSE
	EndGlobalSection
EndGlobal
